// !$*UTF8*$!
{
	archiveVersion = 1;
	classes = {
	};
	objectVersion = 55;
	objects = {

/* Begin PBXBuildFile section */
		EA932EDF2747C72400C2F5BD /* LaunchView.swift in Sources */ = {isa = PBXBuildFile; fileRef = EA932EDE2747C72400C2F5BD /* LaunchView.swift */; };
		EA932EE12747CEC400C2F5BD /* DismissKeyboard.swift in Sources */ = {isa = PBXBuildFile; fileRef = EA932EE02747CEC400C2F5BD /* DismissKeyboard.swift */; };
		EAC4AF642740429600334DF9 /* NoteApp.swift in Sources */ = {isa = PBXBuildFile; fileRef = EAC4AF632740429600334DF9 /* NoteApp.swift */; };
		EAC4AF662740429600334DF9 /* Note.swift in Sources */ = {isa = PBXBuildFile; fileRef = EAC4AF652740429600334DF9 /* Note.swift */; };
		EAC4AF682740429600334DF9 /* Assets.xcassets in Resources */ = {isa = PBXBuildFile; fileRef = EAC4AF672740429600334DF9 /* Assets.xcassets */; };
		EAC4AF6B2740429600334DF9 /* Preview Assets.xcassets in Resources */ = {isa = PBXBuildFile; fileRef = EAC4AF6A2740429600334DF9 /* Preview Assets.xcassets */; };
		EAEB19032742C8890090ECF7 /* EmptyNoteView.swift in Sources */ = {isa = PBXBuildFile; fileRef = EAEB19022742C8890090ECF7 /* EmptyNoteView.swift */; };
		EAEB19072742CB2A0090ECF7 /* NoteListView.swift in Sources */ = {isa = PBXBuildFile; fileRef = EAEB19062742CB2A0090ECF7 /* NoteListView.swift */; };
		EAEB19092742CD2E0090ECF7 /* Notes.swift in Sources */ = {isa = PBXBuildFile; fileRef = EAEB19082742CD2E0090ECF7 /* Notes.swift */; };
		EAEB190B2742CD6F0090ECF7 /* NoteData.swift in Sources */ = {isa = PBXBuildFile; fileRef = EAEB190A2742CD6F0090ECF7 /* NoteData.swift */; };
		EAEB190D2742CDB70090ECF7 /* NoteRow.swift in Sources */ = {isa = PBXBuildFile; fileRef = EAEB190C2742CDB70090ECF7 /* NoteRow.swift */; };
		EAEB190F2742CE880090ECF7 /* NewNote.swift in Sources */ = {isa = PBXBuildFile; fileRef = EAEB190E2742CE880090ECF7 /* NewNote.swift */; };
		EAEB19112742CF290090ECF7 /* DetailNote.swift in Sources */ = {isa = PBXBuildFile; fileRef = EAEB19102742CF290090ECF7 /* DetailNote.swift */; };
		EAF89AE1274261E2008D652F /* NotificationHandler.swift in Sources */ = {isa = PBXBuildFile; fileRef = EAF89AE0274261E2008D652F /* NotificationHandler.swift */; };
/* End PBXBuildFile section */

/* Begin PBXFileReference section */
		EA932EDE2747C72400C2F5BD /* LaunchView.swift */ = {isa = PBXFileReference; lastKnownFileType = sourcecode.swift; path = LaunchView.swift; sourceTree = "<group>"; };
		EA932EE02747CEC400C2F5BD /* DismissKeyboard.swift */ = {isa = PBXFileReference; lastKnownFileType = sourcecode.swift; path = DismissKeyboard.swift; sourceTree = "<group>"; };
		EAC4AF602740429600334DF9 /* Note.app */ = {isa = PBXFileReference; explicitFileType = wrapper.application; includeInIndex = 0; path = Note.app; sourceTree = BUILT_PRODUCTS_DIR; };
		EAC4AF632740429600334DF9 /* NoteApp.swift */ = {isa = PBXFileReference; lastKnownFileType = sourcecode.swift; path = NoteApp.swift; sourceTree = "<group>"; };
		EAC4AF652740429600334DF9 /* Note.swift */ = {isa = PBXFileReference; lastKnownFileType = sourcecode.swift; path = Note.swift; sourceTree = "<group>"; };
		EAC4AF672740429600334DF9 /* Assets.xcassets */ = {isa = PBXFileReference; lastKnownFileType = folder.assetcatalog; path = Assets.xcassets; sourceTree = "<group>"; };
		EAC4AF6A2740429600334DF9 /* Preview Assets.xcassets */ = {isa = PBXFileReference; lastKnownFileType = folder.assetcatalog; path = "Preview Assets.xcassets"; sourceTree = "<group>"; };
		EAEB19022742C8890090ECF7 /* EmptyNoteView.swift */ = {isa = PBXFileReference; lastKnownFileType = sourcecode.swift; path = EmptyNoteView.swift; sourceTree = "<group>"; };
		EAEB19062742CB2A0090ECF7 /* NoteListView.swift */ = {isa = PBXFileReference; lastKnownFileType = sourcecode.swift; path = NoteListView.swift; sourceTree = "<group>"; };
		EAEB19082742CD2E0090ECF7 /* Notes.swift */ = {isa = PBXFileReference; lastKnownFileType = sourcecode.swift; path = Notes.swift; sourceTree = "<group>"; };
		EAEB190A2742CD6F0090ECF7 /* NoteData.swift */ = {isa = PBXFileReference; lastKnownFileType = sourcecode.swift; path = NoteData.swift; sourceTree = "<group>"; };
		EAEB190C2742CDB70090ECF7 /* NoteRow.swift */ = {isa = PBXFileReference; lastKnownFileType = sourcecode.swift; path = NoteRow.swift; sourceTree = "<group>"; };
		EAEB190E2742CE880090ECF7 /* NewNote.swift */ = {isa = PBXFileReference; lastKnownFileType = sourcecode.swift; path = NewNote.swift; sourceTree = "<group>"; };
		EAEB19102742CF290090ECF7 /* DetailNote.swift */ = {isa = PBXFileReference; lastKnownFileType = sourcecode.swift; path = DetailNote.swift; sourceTree = "<group>"; };
		EAF89AE0274261E2008D652F /* NotificationHandler.swift */ = {isa = PBXFileReference; lastKnownFileType = sourcecode.swift; path = NotificationHandler.swift; sourceTree = "<group>"; };
/* End PBXFileReference section */

/* Begin PBXFrameworksBuildPhase section */
		EAC4AF5D2740429600334DF9 /* Frameworks */ = {
			isa = PBXFrameworksBuildPhase;
			buildActionMask = 2147483647;
			files = (
			);
			runOnlyForDeploymentPostprocessing = 0;
		};
/* End PBXFrameworksBuildPhase section */

/* Begin PBXGroup section */
		EAC4AF572740429600334DF9 = {
			isa = PBXGroup;
			children = (
				EAC4AF622740429600334DF9 /* Note */,
				EAC4AF612740429600334DF9 /* Products */,
			);
			sourceTree = "<group>";
		};
		EAC4AF612740429600334DF9 /* Products */ = {
			isa = PBXGroup;
			children = (
				EAC4AF602740429600334DF9 /* Note.app */,
			);
			name = Products;
			sourceTree = "<group>";
		};
		EAC4AF622740429600334DF9 /* Note */ = {
			isa = PBXGroup;
			children = (
				EAC4AF632740429600334DF9 /* NoteApp.swift */,
				EAEB19122742D2550090ECF7 /* Views */,
				EAEB19132742D2740090ECF7 /* Models */,
				EAEB19142742D2870090ECF7 /* Notification */,
				EAC4AF672740429600334DF9 /* Assets.xcassets */,
				EAC4AF692740429600334DF9 /* Preview Content */,
			);
			path = Note;
			sourceTree = "<group>";
		};
		EAC4AF692740429600334DF9 /* Preview Content */ = {
			isa = PBXGroup;
			children = (
				EAC4AF6A2740429600334DF9 /* Preview Assets.xcassets */,
			);
			path = "Preview Content";
			sourceTree = "<group>";
		};
		EAEB19122742D2550090ECF7 /* Views */ = {
			isa = PBXGroup;
			children = (
				EAEB19102742CF290090ECF7 /* DetailNote.swift */,
				EAEB19022742C8890090ECF7 /* EmptyNoteView.swift */,
				EA932EDE2747C72400C2F5BD /* LaunchView.swift */,
				EAC4AF652740429600334DF9 /* Note.swift */,
				EAEB190C2742CDB70090ECF7 /* NoteRow.swift */,
				EAEB190E2742CE880090ECF7 /* NewNote.swift */,
				EAEB19062742CB2A0090ECF7 /* NoteListView.swift */,
				EA932EE02747CEC400C2F5BD /* DismissKeyboard.swift */,
			);
			path = Views;
			sourceTree = "<group>";
		};
		EAEB19132742D2740090ECF7 /* Models */ = {
			isa = PBXGroup;
			children = (
				EAEB19082742CD2E0090ECF7 /* Notes.swift */,
				EAEB190A2742CD6F0090ECF7 /* NoteData.swift */,
			);
			path = Models;
			sourceTree = "<group>";
		};
		EAEB19142742D2870090ECF7 /* Notification */ = {
			isa = PBXGroup;
			children = (
				EAF89AE0274261E2008D652F /* NotificationHandler.swift */,
			);
			path = Notification;
			sourceTree = "<group>";
		};
/* End PBXGroup section */

/* Begin PBXNativeTarget section */
		EAC4AF5F2740429600334DF9 /* Note */ = {
			isa = PBXNativeTarget;
			buildConfigurationList = EAC4AF6E2740429600334DF9 /* Build configuration list for PBXNativeTarget "Note" */;
			buildPhases = (
				EAC4AF5C2740429600334DF9 /* Sources */,
				EAC4AF5D2740429600334DF9 /* Frameworks */,
				EAC4AF5E2740429600334DF9 /* Resources */,
			);
			buildRules = (
			);
			dependencies = (
			);
			name = Note;
			productName = Note;
			productReference = EAC4AF602740429600334DF9 /* Note.app */;
			productType = "com.apple.product-type.application";
		};
/* End PBXNativeTarget section */

/* Begin PBXProject section */
		EAC4AF582740429600334DF9 /* Project object */ = {
			isa = PBXProject;
			attributes = {
				BuildIndependentTargetsInParallel = 1;
				LastSwiftUpdateCheck = 1310;
				LastUpgradeCheck = 1310;
				TargetAttributes = {
					EAC4AF5F2740429600334DF9 = {
						CreatedOnToolsVersion = 13.1;
					};
				};
			};
			buildConfigurationList = EAC4AF5B2740429600334DF9 /* Build configuration list for PBXProject "Note" */;
			compatibilityVersion = "Xcode 13.0";
			developmentRegion = en;
			hasScannedForEncodings = 0;
			knownRegions = (
				en,
				Base,
			);
			mainGroup = EAC4AF572740429600334DF9;
			productRefGroup = EAC4AF612740429600334DF9 /* Products */;
			projectDirPath = "";
			projectRoot = "";
			targets = (
				EAC4AF5F2740429600334DF9 /* Note */,
			);
		};
/* End PBXProject section */

/* Begin PBXResourcesBuildPhase section */
		EAC4AF5E2740429600334DF9 /* Resources */ = {
			isa = PBXResourcesBuildPhase;
			buildActionMask = 2147483647;
			files = (
				EAC4AF6B2740429600334DF9 /* Preview Assets.xcassets in Resources */,
				EAC4AF682740429600334DF9 /* Assets.xcassets in Resources */,
			);
			runOnlyForDeploymentPostprocessing = 0;
		};
/* End PBXResourcesBuildPhase section */

/* Begin PBXSourcesBuildPhase section */
		EAC4AF5C2740429600334DF9 /* Sources */ = {
			isa = PBXSourcesBuildPhase;
			buildActionMask = 2147483647;
			files = (
				EAEB19112742CF290090ECF7 /* DetailNote.swift in Sources */,
				EA932EDF2747C72400C2F5BD /* LaunchView.swift in Sources */,
				EAC4AF662740429600334DF9 /* Note.swift in Sources */,
				EAEB190B2742CD6F0090ECF7 /* NoteData.swift in Sources */,
				EAF89AE1274261E2008D652F /* NotificationHandler.swift in Sources */,
				EA932EE12747CEC400C2F5BD /* DismissKeyboard.swift in Sources */,
				EAEB19072742CB2A0090ECF7 /* NoteListView.swift in Sources */,
				EAEB19032742C8890090ECF7 /* EmptyNoteView.swift in Sources */,
				EAC4AF642740429600334DF9 /* NoteApp.swift in Sources */,
				EAEB190F2742CE880090ECF7 /* NewNote.swift in Sources */,
				EAEB190D2742CDB70090ECF7 /* NoteRow.swift in Sources */,
				EAEB19092742CD2E0090ECF7 /* Notes.swift in Sources */,
			);
			runOnlyForDeploymentPostprocessing = 0;
		};
/* End PBXSourcesBuildPhase section */

/* Begin XCBuildConfiguration section */
		EAC4AF6C2740429600334DF9 /* Debug */ = {
			isa = XCBuildConfiguration;
			buildSettings = {
				ALWAYS_SEARCH_USER_PATHS = NO;
				CLANG_ANALYZER_NONNULL = YES;
				CLANG_ANALYZER_NUMBER_OBJECT_CONVERSION = YES_AGGRESSIVE;
				CLANG_CXX_LANGUAGE_STANDARD = "gnu++17";
				CLANG_CXX_LIBRARY = "libc++";
				CLANG_ENABLE_MODULES = YES;
				CLANG_ENABLE_OBJC_ARC = YES;
				CLANG_ENABLE_OBJC_WEAK = YES;
				CLANG_WARN_BLOCK_CAPTURE_AUTORELEASING = YES;
				CLANG_WARN_BOOL_CONVERSION = YES;
				CLANG_WARN_COMMA = YES;
				CLANG_WARN_CONSTANT_CONVERSION = YES;
				CLANG_WARN_DEPRECATED_OBJC_IMPLEMENTATIONS = YES;
				CLANG_WARN_DIRECT_OBJC_ISA_USAGE = YES_ERROR;
				CLANG_WARN_DOCUMENTATION_COMMENTS = YES;
				CLANG_WARN_EMPTY_BODY = YES;
				CLANG_WARN_ENUM_CONVERSION = YES;
				CLANG_WARN_INFINITE_RECURSION = YES;
				CLANG_WARN_INT_CONVERSION = YES;
				CLANG_WARN_NON_LITERAL_NULL_CONVERSION = YES;
				CLANG_WARN_OBJC_IMPLICIT_RETAIN_SELF = YES;
				CLANG_WARN_OBJC_LITERAL_CONVERSION = YES;
				CLANG_WARN_OBJC_ROOT_CLASS = YES_ERROR;
				CLANG_WARN_QUOTED_INCLUDE_IN_FRAMEWORK_HEADER = YES;
				CLANG_WARN_RANGE_LOOP_ANALYSIS = YES;
				CLANG_WARN_STRICT_PROTOTYPES = YES;
				CLANG_WARN_SUSPICIOUS_MOVE = YES;
				CLANG_WARN_UNGUARDED_AVAILABILITY = YES_AGGRESSIVE;
				CLANG_WARN_UNREACHABLE_CODE = YES;
				CLANG_WARN__DUPLICATE_METHOD_MATCH = YES;
				COPY_PHASE_STRIP = NO;
				DEBUG_INFORMATION_FORMAT = dwarf;
				ENABLE_STRICT_OBJC_MSGSEND = YES;
				ENABLE_TESTABILITY = YES;
				GCC_C_LANGUAGE_STANDARD = gnu11;
				GCC_DYNAMIC_NO_PIC = NO;
				GCC_NO_COMMON_BLOCKS = YES;
				GCC_OPTIMIZATION_LEVEL = 0;
				GCC_PREPROCESSOR_DEFINITIONS = (
					"DEBUG=1",
					"$(inherited)",
				);
				GCC_WARN_64_TO_32_BIT_CONVERSION = YES;
				GCC_WARN_ABOUT_RETURN_TYPE = YES_ERROR;
				GCC_WARN_UNDECLARED_SELECTOR = YES;
				GCC_WARN_UNINITIALIZED_AUTOS = YES_AGGRESSIVE;
				GCC_WARN_UNUSED_FUNCTION = YES;
				GCC_WARN_UNUSED_VARIABLE = YES;
				IPHONEOS_DEPLOYMENT_TARGET = 15.0;
				MTL_ENABLE_DEBUG_INFO = INCLUDE_SOURCE;
				MTL_FAST_MATH = YES;
				ONLY_ACTIVE_ARCH = YES;
				SDKROOT = iphoneos;
				SWIFT_ACTIVE_COMPILATION_CONDITIONS = DEBUG;
				SWIFT_OPTIMIZATION_LEVEL = "-Onone";
			};
			name = Debug;
		};
		EAC4AF6D2740429600334DF9 /* Release */ = {
			isa = XCBuildConfiguration;
			buildSettings = {
				ALWAYS_SEARCH_USER_PATHS = NO;
				CLANG_ANALYZER_NONNULL = YES;
				CLANG_ANALYZER_NUMBER_OBJECT_CONVERSION = YES_AGGRESSIVE;
				CLANG_CXX_LANGUAGE_STANDARD = "gnu++17";
				CLANG_CXX_LIBRARY = "libc++";
				CLANG_ENABLE_MODULES = YES;
				CLANG_ENABLE_OBJC_ARC = YES;
				CLANG_ENABLE_OBJC_WEAK = YES;
				CLANG_WARN_BLOCK_CAPTURE_AUTORELEASING = YES;
				CLANG_WARN_BOOL_CONVERSION = YES;
				CLANG_WARN_COMMA = YES;
				CLANG_WARN_CONSTANT_CONVERSION = YES;
				CLANG_WARN_DEPRECATED_OBJC_IMPLEMENTATIONS = YES;
				CLANG_WARN_DIRECT_OBJC_ISA_USAGE = YES_ERROR;
				CLANG_WARN_DOCUMENTATION_COMMENTS = YES;
				CLANG_WARN_EMPTY_BODY = YES;
				CLANG_WARN_ENUM_CONVERSION = YES;
				CLANG_WARN_INFINITE_RECURSION = YES;
				CLANG_WARN_INT_CONVERSION = YES;
				CLANG_WARN_NON_LITERAL_NULL_CONVERSION = YES;
				CLANG_WARN_OBJC_IMPLICIT_RETAIN_SELF = YES;
				CLANG_WARN_OBJC_LITERAL_CONVERSION = YES;
				CLANG_WARN_OBJC_ROOT_CLASS = YES_ERROR;
				CLANG_WARN_QUOTED_INCLUDE_IN_FRAMEWORK_HEADER = YES;
				CLANG_WARN_RANGE_LOOP_ANALYSIS = YES;
				CLANG_WARN_STRICT_PROTOTYPES = YES;
				CLANG_WARN_SUSPICIOUS_MOVE = YES;
				CLANG_WARN_UNGUARDED_AVAILABILITY = YES_AGGRESSIVE;
				CLANG_WARN_UNREACHABLE_CODE = YES;
				CLANG_WARN__DUPLICATE_METHOD_MATCH = YES;
				COPY_PHASE_STRIP = NO;
				DEBUG_INFORMATION_FORMAT = "dwarf-with-dsym";
				ENABLE_NS_ASSERTIONS = NO;
				ENABLE_STRICT_OBJC_MSGSEND = YES;
				GCC_C_LANGUAGE_STANDARD = gnu11;
				GCC_NO_COMMON_BLOCKS = YES;
				GCC_WARN_64_TO_32_BIT_CONVERSION = YES;
				GCC_WARN_ABOUT_RETURN_TYPE = YES_ERROR;
				GCC_WARN_UNDECLARED_SELECTOR = YES;
				GCC_WARN_UNINITIALIZED_AUTOS = YES_AGGRESSIVE;
				GCC_WARN_UNUSED_FUNCTION = YES;
				GCC_WARN_UNUSED_VARIABLE = YES;
				IPHONEOS_DEPLOYMENT_TARGET = 15.0;
				MTL_ENABLE_DEBUG_INFO = NO;
				MTL_FAST_MATH = YES;
				SDKROOT = iphoneos;
				SWIFT_COMPILATION_MODE = wholemodule;
				SWIFT_OPTIMIZATION_LEVEL = "-O";
				VALIDATE_PRODUCT = YES;
			};
			name = Release;
		};
		EAC4AF6F2740429600334DF9 /* Debug */ = {
			isa = XCBuildConfiguration;
			buildSettings = {
				ASSETCATALOG_COMPILER_APPICON_NAME = AppIcon;
				ASSETCATALOG_COMPILER_GLOBAL_ACCENT_COLOR_NAME = AccentColor;
				CODE_SIGN_STYLE = Automatic;
				CURRENT_PROJECT_VERSION = 1;
				DEVELOPMENT_ASSET_PATHS = "\"Note/Preview Content\"";
				DEVELOPMENT_TEAM = 624LP25584;
				ENABLE_PREVIEWS = YES;
				GENERATE_INFOPLIST_FILE = YES;
				INFOPLIST_KEY_UIApplicationSceneManifest_Generation = YES;
				INFOPLIST_KEY_UIApplicationSupportsIndirectInputEvents = YES;
				INFOPLIST_KEY_UILaunchScreen_Generation = YES;
				INFOPLIST_KEY_UISupportedInterfaceOrientations_iPad = "UIInterfaceOrientationPortrait UIInterfaceOrientationPortraitUpsideDown UIInterfaceOrientationLandscapeLeft UIInterfaceOrientationLandscapeRight";
				INFOPLIST_KEY_UISupportedInterfaceOrientations_iPhone = "UIInterfaceOrientationPortrait UIInterfaceOrientationLandscapeLeft UIInterfaceOrientationLandscapeRight";
				LD_RUNPATH_SEARCH_PATHS = (
					"$(inherited)",
					"@executable_path/Frameworks",
				);
				MARKETING_VERSION = 1.0;
				PRODUCT_BUNDLE_IDENTIFIER = mektep.Note;
				PRODUCT_NAME = "$(TARGET_NAME)";
				SWIFT_EMIT_LOC_STRINGS = YES;
				SWIFT_VERSION = 5.0;
				TARGETED_DEVICE_FAMILY = "1,2";
			};
			name = Debug;
		};
		EAC4AF702740429600334DF9 /* Release */ = {
			isa = XCBuildConfiguration;
			buildSettings = {
				ASSETCATALOG_COMPILER_APPICON_NAME = AppIcon;
				ASSETCATALOG_COMPILER_GLOBAL_ACCENT_COLOR_NAME = AccentColor;
				CODE_SIGN_STYLE = Automatic;
				CURRENT_PROJECT_VERSION = 1;
				DEVELOPMENT_ASSET_PATHS = "\"Note/Preview Content\"";
				DEVELOPMENT_TEAM = 624LP25584;
				ENABLE_PREVIEWS = YES;
				GENERATE_INFOPLIST_FILE = YES;
				INFOPLIST_KEY_UIApplicationSceneManifest_Generation = YES;
				INFOPLIST_KEY_UIApplicationSupportsIndirectInputEvents = YES;
				INFOPLIST_KEY_UILaunchScreen_Generation = YES;
				INFOPLIST_KEY_UISupportedInterfaceOrientations_iPad = "UIInterfaceOrientationPortrait UIInterfaceOrientationPortraitUpsideDown UIInterfaceOrientationLandscapeLeft UIInterfaceOrientationLandscapeRight";
				INFOPLIST_KEY_UISupportedInterfaceOrientations_iPhone = "UIInterfaceOrientationPortrait UIInterfaceOrientationLandscapeLeft UIInterfaceOrientationLandscapeRight";
				LD_RUNPATH_SEARCH_PATHS = (
					"$(inherited)",
					"@executable_path/Frameworks",
				);
				MARKETING_VERSION = 1.0;
				PRODUCT_BUNDLE_IDENTIFIER = mektep.Note;
				PRODUCT_NAME = "$(TARGET_NAME)";
				SWIFT_EMIT_LOC_STRINGS = YES;
				SWIFT_VERSION = 5.0;
				TARGETED_DEVICE_FAMILY = "1,2";
			};
			name = Release;
		};
/* End XCBuildConfiguration section */

/* Begin XCConfigurationList section */
		EAC4AF5B2740429600334DF9 /* Build configuration list for PBXProject "Note" */ = {
			isa = XCConfigurationList;
			buildConfigurations = (
				EAC4AF6C2740429600334DF9 /* Debug */,
				EAC4AF6D2740429600334DF9 /* Release */,
			);
			defaultConfigurationIsVisible = 0;
			defaultConfigurationName = Release;
		};
		EAC4AF6E2740429600334DF9 /* Build configuration list for PBXNativeTarget "Note" */ = {
			isa = XCConfigurationList;
			buildConfigurations = (
				EAC4AF6F2740429600334DF9 /* Debug */,
				EAC4AF702740429600334DF9 /* Release */,
			);
			defaultConfigurationIsVisible = 0;
			defaultConfigurationName = Release;
		};
/* End XCConfigurationList section */
	};
	rootObject = EAC4AF582740429600334DF9 /* Project object */;
}
